
Microsoft Visual Studio Solution File, Format Version 12.00
# Visual Studio Version 16
VisualStudioVersion = 16.0.31424.327
MinimumVisualStudioVersion = 10.0.40219.1
Project("{FAE04EC0-301F-11D3-BF4B-00C04F79EFBC}") = "ECOM", "ECOM\ECOM.csproj", "{5F8688E5-EB17-4236-8664-65505138C989}"
EndProject
Project("{FAE04EC0-301F-11D3-BF4B-00C04F79EFBC}") = "EntityModel", "EntityModel\EntityModel.csproj", "{EEEDFDC0-D8F8-4640-80AF-03BCA29FE9B6}"
EndProject
Project("{FAE04EC0-301F-11D3-BF4B-00C04F79EFBC}") = "Model", "Model\Model.csproj", "{AE9FB8A9-F54D-47F0-B60E-22611C128C3B}"
EndProject
Project("{FAE04EC0-301F-11D3-BF4B-00C04F79EFBC}") = "Services", "Services\Services.csproj", "{FD0B2353-ABFC-41BA-8FAF-78FA2729D008}"
EndProject
Global
	GlobalSection(SolutionConfigurationPlatforms) = preSolution
		Debug|Any CPU = Debug|Any CPU
		Release|Any CPU = Release|Any CPU
	EndGlobalSection
	GlobalSection(ProjectConfigurationPlatforms) = postSolution
		{5F8688E5-EB17-4236-8664-65505138C989}.Debug|Any CPU.ActiveCfg = Debug|Any CPU
		{5F8688E5-EB17-4236-8664-65505138C989}.Debug|Any CPU.Build.0 = Debug|Any CPU
		{5F8688E5-EB17-4236-8664-65505138C989}.Release|Any CPU.ActiveCfg = Release|Any CPU
		{5F8688E5-EB17-4236-8664-65505138C989}.Release|Any CPU.Build.0 = Release|Any CPU
		{EEEDFDC0-D8F8-4640-80AF-03BCA29FE9B6}.Debug|Any CPU.ActiveCfg = Debug|Any CPU
		{EEEDFDC0-D8F8-4640-80AF-03BCA29FE9B6}.Debug|Any CPU.Build.0 = Debug|Any CPU
		{EEEDFDC0-D8F8-4640-80AF-03BCA29FE9B6}.Release|Any CPU.ActiveCfg = Release|Any CPU
		{EEEDFDC0-D8F8-4640-80AF-03BCA29FE9B6}.Release|Any CPU.Build.0 = Release|Any CPU
		{AE9FB8A9-F54D-47F0-B60E-22611C128C3B}.Debug|Any CPU.ActiveCfg = Debug|Any CPU
		{AE9FB8A9-F54D-47F0-B60E-22611C128C3B}.Debug|Any CPU.Build.0 = Debug|Any CPU
		{AE9FB8A9-F54D-47F0-B60E-22611C128C3B}.Release|Any CPU.ActiveCfg = Release|Any CPU
		{AE9FB8A9-F54D-47F0-B60E-22611C128C3B}.Release|Any CPU.Build.0 = Release|Any CPU
		{FD0B2353-ABFC-41BA-8FAF-78FA2729D008}.Debug|Any CPU.ActiveCfg = Debug|Any CPU
		{FD0B2353-ABFC-41BA-8FAF-78FA2729D008}.Debug|Any CPU.Build.0 = Debug|Any CPU
		{FD0B2353-ABFC-41BA-8FAF-78FA2729D008}.Release|Any CPU.ActiveCfg = Release|Any CPU
		{FD0B2353-ABFC-41BA-8FAF-78FA2729D008}.Release|Any CPU.Build.0 = Release|Any CPU
	EndGlobalSection
	GlobalSection(SolutionProperties) = preSolution
		HideSolutionNode = FALSE
	EndGlobalSection
	GlobalSection(ExtensibilityGlobals) = postSolution
		SolutionGuid = {D81CEB46-2BC8-4BE6-9F92-C183EAF6879C}
	EndGlobalSection
EndGlobal
